
Microsoft Visual Studio Solution File, Format Version 12.00
# Visual Studio Version 16
VisualStudioVersion = 16.0.28803.156
MinimumVisualStudioVersion = 10.0.40219.1
Project("{FAE04EC0-301F-11D3-BF4B-00C04F79EFBC}") = "eprov2", "eprov2.csproj", "{2946886D-D2CF-408F-ABE7-CF71011DD831}"
EndProject
Global
	GlobalSection(SolutionConfigurationPlatforms) = preSolution
		Debug|Any CPU = Debug|Any CPU
		Release|Any CPU = Release|Any CPU
	EndGlobalSection
	GlobalSection(ProjectConfigurationPlatforms) = postSolution
		{2946886D-D2CF-408F-ABE7-CF71011DD831}.Debug|Any CPU.ActiveCfg = Debug|Any CPU
		{2946886D-D2CF-408F-ABE7-CF71011DD831}.Debug|Any CPU.Build.0 = Debug|Any CPU
		{2946886D-D2CF-408F-ABE7-CF71011DD831}.Release|Any CPU.ActiveCfg = Release|Any CPU
		{2946886D-D2CF-408F-ABE7-CF71011DD831}.Release|Any CPU.Build.0 = Release|Any CPU
	EndGlobalSection
	GlobalSection(SolutionProperties) = preSolution
		HideSolutionNode = FALSE
	EndGlobalSection
	GlobalSection(ExtensibilityGlobals) = postSolution
		SolutionGuid = {48555C53-621B-4E44-8E01-AE6111841E74}
	EndGlobalSection
EndGlobal
