
Microsoft Visual Studio Solution File, Format Version 12.00
# Visual Studio Version 16
VisualStudioVersion = 16.0.28803.156
MinimumVisualStudioVersion = 10.0.40219.1
Project("{FAE04EC0-301F-11D3-BF4B-00C04F79EFBC}") = "AudioProcessor", "AudioProcessor.csproj", "{DE05DDF6-DCCA-4582-8A17-C5AEA0595426}"
EndProject
Global
	GlobalSection(SolutionConfigurationPlatforms) = preSolution
		Debug|Any CPU = Debug|Any CPU
		Release|Any CPU = Release|Any CPU
	EndGlobalSection
	GlobalSection(ProjectConfigurationPlatforms) = postSolution
		{DE05DDF6-DCCA-4582-8A17-C5AEA0595426}.Debug|Any CPU.ActiveCfg = Debug|Any CPU
		{DE05DDF6-DCCA-4582-8A17-C5AEA0595426}.Debug|Any CPU.Build.0 = Debug|Any CPU
		{DE05DDF6-DCCA-4582-8A17-C5AEA0595426}.Release|Any CPU.ActiveCfg = Release|Any CPU
		{DE05DDF6-DCCA-4582-8A17-C5AEA0595426}.Release|Any CPU.Build.0 = Release|Any CPU
	EndGlobalSection
	GlobalSection(SolutionProperties) = preSolution
		HideSolutionNode = FALSE
	EndGlobalSection
	GlobalSection(ExtensibilityGlobals) = postSolution
		SolutionGuid = {2D61215E-4B5F-4A17-A7CC-3F56C0815BEE}
	EndGlobalSection
EndGlobal
