
Microsoft Visual Studio Solution File, Format Version 12.00
# Visual Studio Version 16
VisualStudioVersion = 16.0.28803.156
MinimumVisualStudioVersion = 10.0.40219.1
Project("{FAE04EC0-301F-11D3-BF4B-00C04F79EFBC}") = "sidosi", "sidosi.csproj", "{4756EA8D-8A9E-4605-ACC8-AE36D0AF45DC}"
EndProject
Global
	GlobalSection(SolutionConfigurationPlatforms) = preSolution
		Debug|Any CPU = Debug|Any CPU
		Release|Any CPU = Release|Any CPU
	EndGlobalSection
	GlobalSection(ProjectConfigurationPlatforms) = postSolution
		{4756EA8D-8A9E-4605-ACC8-AE36D0AF45DC}.Debug|Any CPU.ActiveCfg = Debug|Any CPU
		{4756EA8D-8A9E-4605-ACC8-AE36D0AF45DC}.Debug|Any CPU.Build.0 = Debug|Any CPU
		{4756EA8D-8A9E-4605-ACC8-AE36D0AF45DC}.Release|Any CPU.ActiveCfg = Release|Any CPU
		{4756EA8D-8A9E-4605-ACC8-AE36D0AF45DC}.Release|Any CPU.Build.0 = Release|Any CPU
	EndGlobalSection
	GlobalSection(SolutionProperties) = preSolution
		HideSolutionNode = FALSE
	EndGlobalSection
	GlobalSection(ExtensibilityGlobals) = postSolution
		SolutionGuid = {97437046-DF97-4070-BA6A-4A9DCB0B1C3B}
	EndGlobalSection
EndGlobal
