
Microsoft Visual Studio Solution File, Format Version 12.00
# Visual Studio Version 16
VisualStudioVersion = 16.0.28803.156
MinimumVisualStudioVersion = 10.0.40219.1
Project("{FAE04EC0-301F-11D3-BF4B-00C04F79EFBC}") = "prov1", "prov1\prov1.csproj", "{9DA21630-E331-48F1-AA6B-A32A475579D7}"
EndProject
Global
	GlobalSection(SolutionConfigurationPlatforms) = preSolution
		Debug|Any CPU = Debug|Any CPU
		Release|Any CPU = Release|Any CPU
	EndGlobalSection
	GlobalSection(ProjectConfigurationPlatforms) = postSolution
		{9DA21630-E331-48F1-AA6B-A32A475579D7}.Debug|Any CPU.ActiveCfg = Debug|Any CPU
		{9DA21630-E331-48F1-AA6B-A32A475579D7}.Debug|Any CPU.Build.0 = Debug|Any CPU
		{9DA21630-E331-48F1-AA6B-A32A475579D7}.Release|Any CPU.ActiveCfg = Release|Any CPU
		{9DA21630-E331-48F1-AA6B-A32A475579D7}.Release|Any CPU.Build.0 = Release|Any CPU
	EndGlobalSection
	GlobalSection(SolutionProperties) = preSolution
		HideSolutionNode = FALSE
	EndGlobalSection
	GlobalSection(ExtensibilityGlobals) = postSolution
		SolutionGuid = {065ADB3C-6BD0-4068-9367-3642DD2CB3C4}
	EndGlobalSection
EndGlobal
