
Microsoft Visual Studio Solution File, Format Version 12.00
# Visual Studio Version 16
VisualStudioVersion = 16.0.28803.156
MinimumVisualStudioVersion = 10.0.40219.1
Project("{FAE04EC0-301F-11D3-BF4B-00C04F79EFBC}") = "tamagotchi", "tamagotchi\tamagotchi.csproj", "{837813E9-4C3C-4601-A796-88497F967D4C}"
EndProject
Global
	GlobalSection(SolutionConfigurationPlatforms) = preSolution
		Debug|Any CPU = Debug|Any CPU
		Release|Any CPU = Release|Any CPU
	EndGlobalSection
	GlobalSection(ProjectConfigurationPlatforms) = postSolution
		{837813E9-4C3C-4601-A796-88497F967D4C}.Debug|Any CPU.ActiveCfg = Debug|Any CPU
		{837813E9-4C3C-4601-A796-88497F967D4C}.Debug|Any CPU.Build.0 = Debug|Any CPU
		{837813E9-4C3C-4601-A796-88497F967D4C}.Release|Any CPU.ActiveCfg = Release|Any CPU
		{837813E9-4C3C-4601-A796-88497F967D4C}.Release|Any CPU.Build.0 = Release|Any CPU
	EndGlobalSection
	GlobalSection(SolutionProperties) = preSolution
		HideSolutionNode = FALSE
	EndGlobalSection
	GlobalSection(ExtensibilityGlobals) = postSolution
		SolutionGuid = {C3322785-A9BE-477E-B91C-33796B4CCD6E}
	EndGlobalSection
EndGlobal
