
Microsoft Visual Studio Solution File, Format Version 12.00
# Visual Studio Version 16
VisualStudioVersion = 16.0.28803.156
MinimumVisualStudioVersion = 10.0.40219.1
Project("{FAE04EC0-301F-11D3-BF4B-00C04F79EFBC}") = "sidosi1", "sidosi1.csproj", "{4074A581-941F-49D3-91AC-84D0D9EBFBCC}"
EndProject
Global
	GlobalSection(SolutionConfigurationPlatforms) = preSolution
		Debug|Any CPU = Debug|Any CPU
		Release|Any CPU = Release|Any CPU
	EndGlobalSection
	GlobalSection(ProjectConfigurationPlatforms) = postSolution
		{4074A581-941F-49D3-91AC-84D0D9EBFBCC}.Debug|Any CPU.ActiveCfg = Debug|Any CPU
		{4074A581-941F-49D3-91AC-84D0D9EBFBCC}.Debug|Any CPU.Build.0 = Debug|Any CPU
		{4074A581-941F-49D3-91AC-84D0D9EBFBCC}.Release|Any CPU.ActiveCfg = Release|Any CPU
		{4074A581-941F-49D3-91AC-84D0D9EBFBCC}.Release|Any CPU.Build.0 = Release|Any CPU
	EndGlobalSection
	GlobalSection(SolutionProperties) = preSolution
		HideSolutionNode = FALSE
	EndGlobalSection
	GlobalSection(ExtensibilityGlobals) = postSolution
		SolutionGuid = {D4B87E2C-339E-4D69-ABAE-F3591CA55C78}
	EndGlobalSection
EndGlobal
