
Microsoft Visual Studio Solution File, Format Version 12.00
# Visual Studio Version 16
VisualStudioVersion = 16.0.28803.156
MinimumVisualStudioVersion = 10.0.40219.1
Project("{FAE04EC0-301F-11D3-BF4B-00C04F79EFBC}") = "eprov", "eprov.csproj", "{D82FA03F-3B7B-4A6B-BB9D-6CBD9F9437E1}"
EndProject
Global
	GlobalSection(SolutionConfigurationPlatforms) = preSolution
		Debug|Any CPU = Debug|Any CPU
		Release|Any CPU = Release|Any CPU
	EndGlobalSection
	GlobalSection(ProjectConfigurationPlatforms) = postSolution
		{D82FA03F-3B7B-4A6B-BB9D-6CBD9F9437E1}.Debug|Any CPU.ActiveCfg = Debug|Any CPU
		{D82FA03F-3B7B-4A6B-BB9D-6CBD9F9437E1}.Debug|Any CPU.Build.0 = Debug|Any CPU
		{D82FA03F-3B7B-4A6B-BB9D-6CBD9F9437E1}.Release|Any CPU.ActiveCfg = Release|Any CPU
		{D82FA03F-3B7B-4A6B-BB9D-6CBD9F9437E1}.Release|Any CPU.Build.0 = Release|Any CPU
	EndGlobalSection
	GlobalSection(SolutionProperties) = preSolution
		HideSolutionNode = FALSE
	EndGlobalSection
	GlobalSection(ExtensibilityGlobals) = postSolution
		SolutionGuid = {F320EDE6-D7B8-4F32-A05F-AA803FA3566A}
	EndGlobalSection
EndGlobal
